// !$*UTF8*$!
{
	archiveVersion = 1;
	classes = {
	};
	objectVersion = 77;
	objects = {

/* Begin PBXBuildFile section */
		B0C0F9702EC387A900A48CCF /* Release.xcconfig in Resources */ = {isa = PBXBuildFile; fileRef = B0C0F96F2EC387A900A48CCF /* Release.xcconfig */; };
		B0C0F9742EC388AD00A48CCF /* Debug.xcconfig in Resources */ = {isa = PBXBuildFile; fileRef = B0C0F9732EC388AD00A48CCF /* Debug.xcconfig */; };
		E51B4C542E28DC11000B16D0 /* AppIcon.xcassets in Resources */ = {isa = PBXBuildFile; fileRef = E51B4C532E28DC11000B16D0 /* AppIcon.xcassets */; };
		E51DB2052E1D9E8B000C2BEA /* AppConfig.swift in Sources */ = {isa = PBXBuildFile; fileRef = E51DB2042E1D9E8B000C2BEA /* AppConfig.swift */; };
		E51DB2242E1E4407000C2BEA /* AppBaseURLProvider.swift in Sources */ = {isa = PBXBuildFile; fileRef = E51DB2232E1E4407000C2BEA /* AppBaseURLProvider.swift */; };
		E5C2F3952E170A01003DF6C4 /* HilingualNetwork in Frameworks */ = {isa = PBXBuildFile; productRef = E5C2F3942E170A01003DF6C4 /* HilingualNetwork */; };
		E5C2F3992E171575003DF6C4 /* HilingualDomain in Frameworks */ = {isa = PBXBuildFile; productRef = E5C2F3982E171575003DF6C4 /* HilingualDomain */; };
		E5C79B322E15282100E461C3 /* LaunchScreen.storyboard in Resources */ = {isa = PBXBuildFile; fileRef = E5C79B2A2E15282100E461C3 /* LaunchScreen.storyboard */; };
		E5C79B342E15282100E461C3 /* AppDelegate.swift in Sources */ = {isa = PBXBuildFile; fileRef = E5C79B262E15282100E461C3 /* AppDelegate.swift */; };
		E5C79B352E15282100E461C3 /* SceneDelegate.swift in Sources */ = {isa = PBXBuildFile; fileRef = E5C79B2D2E15282100E461C3 /* SceneDelegate.swift */; };
		E5C84AC92E1538C700CBD669 /* AppDIContainer.swift in Sources */ = {isa = PBXBuildFile; fileRef = E5C84AC82E1538C700CBD669 /* AppDIContainer.swift */; };
		E5D5D0A92E171AC300DABE8D /* HilingualData in Frameworks */ = {isa = PBXBuildFile; productRef = E5D5D0A82E171AC300DABE8D /* HilingualData */; };
		E5D5D0AC2E17289000DABE8D /* HilingualPresentation in Frameworks */ = {isa = PBXBuildFile; productRef = E5D5D0AB2E17289000DABE8D /* HilingualPresentation */; };
/* End PBXBuildFile section */

/* Begin PBXCopyFilesBuildPhase section */
		E5151C022E15DEA700497996 /* Embed Frameworks */ = {
			isa = PBXCopyFilesBuildPhase;
			buildActionMask = 2147483647;
			dstPath = "";
			dstSubfolderSpec = 10;
			files = (
			);
			name = "Embed Frameworks";
			runOnlyForDeploymentPostprocessing = 0;
		};
/* End PBXCopyFilesBuildPhase section */

/* Begin PBXFileReference section */
		B0C0F96F2EC387A900A48CCF /* Release.xcconfig */ = {isa = PBXFileReference; lastKnownFileType = text.xcconfig; path = Release.xcconfig; sourceTree = "<group>"; };
		B0C0F9732EC388AD00A48CCF /* Debug.xcconfig */ = {isa = PBXFileReference; lastKnownFileType = text.xcconfig; path = Debug.xcconfig; sourceTree = "<group>"; };
		E51B4C532E28DC11000B16D0 /* AppIcon.xcassets */ = {isa = PBXFileReference; lastKnownFileType = folder.assetcatalog; path = AppIcon.xcassets; sourceTree = "<group>"; };
		E51DB2002E1CF7AD000C2BEA /* Hilingual.entitlements */ = {isa = PBXFileReference; lastKnownFileType = text.plist.entitlements; path = Hilingual.entitlements; sourceTree = "<group>"; };
		E51DB2042E1D9E8B000C2BEA /* AppConfig.swift */ = {isa = PBXFileReference; lastKnownFileType = sourcecode.swift; path = AppConfig.swift; sourceTree = "<group>"; };
		E51DB2232E1E4407000C2BEA /* AppBaseURLProvider.swift */ = {isa = PBXFileReference; lastKnownFileType = sourcecode.swift; path = AppBaseURLProvider.swift; sourceTree = "<group>"; };
		E5C2F3932E1709DC003DF6C4 /* HilingualNetwork */ = {isa = PBXFileReference; lastKnownFileType = wrapper; path = HilingualNetwork; sourceTree = "<group>"; };
		E5C2F3972E171509003DF6C4 /* HilingualDomain */ = {isa = PBXFileReference; lastKnownFileType = wrapper; path = HilingualDomain; sourceTree = "<group>"; };
		E5C79B0E2E15281900E461C3 /* Hilingual-Dev.app */ = {isa = PBXFileReference; explicitFileType = wrapper.application; includeInIndex = 0; path = "Hilingual-Dev.app"; sourceTree = BUILT_PRODUCTS_DIR; };
		E5C79B262E15282100E461C3 /* AppDelegate.swift */ = {isa = PBXFileReference; lastKnownFileType = sourcecode.swift; path = AppDelegate.swift; sourceTree = "<group>"; };
		E5C79B282E15282100E461C3 /* Info.plist */ = {isa = PBXFileReference; lastKnownFileType = text.plist.xml; path = Info.plist; sourceTree = "<group>"; };
		E5C79B292E15282100E461C3 /* Base */ = {isa = PBXFileReference; lastKnownFileType = file.storyboard; name = Base; path = Base.lproj/LaunchScreen.storyboard; sourceTree = "<group>"; };
		E5C79B2D2E15282100E461C3 /* SceneDelegate.swift */ = {isa = PBXFileReference; lastKnownFileType = sourcecode.swift; path = SceneDelegate.swift; sourceTree = "<group>"; };
		E5C84AC82E1538C700CBD669 /* AppDIContainer.swift */ = {isa = PBXFileReference; lastKnownFileType = sourcecode.swift; path = AppDIContainer.swift; sourceTree = "<group>"; };
		E5D5D0A72E171AA900DABE8D /* HilingualData */ = {isa = PBXFileReference; lastKnownFileType = wrapper; path = HilingualData; sourceTree = "<group>"; };
		E5D5D0AA2E1727BB00DABE8D /* HilingualPresentation */ = {isa = PBXFileReference; lastKnownFileType = wrapper; path = HilingualPresentation; sourceTree = "<group>"; };
/* End PBXFileReference section */

/* Begin PBXFrameworksBuildPhase section */
		E5C79B0B2E15281900E461C3 /* Frameworks */ = {
			isa = PBXFrameworksBuildPhase;
			buildActionMask = 2147483647;
			files = (
				E5D5D0A92E171AC300DABE8D /* HilingualData in Frameworks */,
				E5C2F3992E171575003DF6C4 /* HilingualDomain in Frameworks */,
				E5C2F3952E170A01003DF6C4 /* HilingualNetwork in Frameworks */,
				E5D5D0AC2E17289000DABE8D /* HilingualPresentation in Frameworks */,
			);
			runOnlyForDeploymentPostprocessing = 0;
		};
/* End PBXFrameworksBuildPhase section */

/* Begin PBXGroup section */
		E5151BFF2E15DEA700497996 /* Frameworks */ = {
			isa = PBXGroup;
			children = (
			);
			name = Frameworks;
			sourceTree = "<group>";
		};
		E51DB2032E1D9E47000C2BEA /* Config */ = {
			isa = PBXGroup;
			children = (
				E51DB2042E1D9E8B000C2BEA /* AppConfig.swift */,
				E51DB2232E1E4407000C2BEA /* AppBaseURLProvider.swift */,
				E51B4C532E28DC11000B16D0 /* AppIcon.xcassets */,
				B0C0F96F2EC387A900A48CCF /* Release.xcconfig */,
				B0C0F9732EC388AD00A48CCF /* Debug.xcconfig */,
			);
			path = Config;
			sourceTree = "<group>";
		};
		E5C79B052E15281900E461C3 = {
			isa = PBXGroup;
			children = (
				E5C2F3932E1709DC003DF6C4 /* HilingualNetwork */,
				E5D5D0A72E171AA900DABE8D /* HilingualData */,
				E5C2F3972E171509003DF6C4 /* HilingualDomain */,
				E5D5D0AA2E1727BB00DABE8D /* HilingualPresentation */,
				E5C79B2F2E15282100E461C3 /* Hilingual */,
				E5151BFF2E15DEA700497996 /* Frameworks */,
				E5C79B0F2E15281900E461C3 /* Products */,
			);
			sourceTree = "<group>";
			usesTabs = 0;
		};
		E5C79B0F2E15281900E461C3 /* Products */ = {
			isa = PBXGroup;
			children = (
				E5C79B0E2E15281900E461C3 /* Hilingual-Dev.app */,
			);
			name = Products;
			sourceTree = "<group>";
		};
		E5C79B2F2E15282100E461C3 /* Hilingual */ = {
			isa = PBXGroup;
			children = (
				E5C79B3B2E152AC800E461C3 /* App */,
				E51DB2002E1CF7AD000C2BEA /* Hilingual.entitlements */,
				E5C79B282E15282100E461C3 /* Info.plist */,
			);
			path = Hilingual;
			sourceTree = "<group>";
		};
		E5C79B3B2E152AC800E461C3 /* App */ = {
			isa = PBXGroup;
			children = (
				E5C79B262E15282100E461C3 /* AppDelegate.swift */,
				E5C79B2D2E15282100E461C3 /* SceneDelegate.swift */,
				E5C84AC82E1538C700CBD669 /* AppDIContainer.swift */,
				E5C79B2A2E15282100E461C3 /* LaunchScreen.storyboard */,
				E51DB2032E1D9E47000C2BEA /* Config */,
			);
			path = App;
			sourceTree = "<group>";
		};
/* End PBXGroup section */

/* Begin PBXNativeTarget section */
		E5C79B0D2E15281900E461C3 /* Hilingual */ = {
			isa = PBXNativeTarget;
			buildConfigurationList = E5C79B212E15281B00E461C3 /* Build configuration list for PBXNativeTarget "Hilingual" */;
			buildPhases = (
				E5C79B0A2E15281900E461C3 /* Sources */,
				E5C79B0B2E15281900E461C3 /* Frameworks */,
				E5C79B0C2E15281900E461C3 /* Resources */,
				E5151C022E15DEA700497996 /* Embed Frameworks */,
			);
			buildRules = (
			);
			dependencies = (
			);
			name = Hilingual;
			packageProductDependencies = (
				E5C2F3942E170A01003DF6C4 /* HilingualNetwork */,
				E5C2F3982E171575003DF6C4 /* HilingualDomain */,
				E5D5D0A82E171AC300DABE8D /* HilingualData */,
				E5D5D0AB2E17289000DABE8D /* HilingualPresentation */,
			);
			productName = Hilingual;
			productReference = E5C79B0E2E15281900E461C3 /* Hilingual-Dev.app */;
			productType = "com.apple.product-type.application";
		};
/* End PBXNativeTarget section */

/* Begin PBXProject section */
		E5C79B062E15281900E461C3 /* Project object */ = {
			isa = PBXProject;
			attributes = {
				BuildIndependentTargetsInParallel = 1;
				LastSwiftUpdateCheck = 1640;
				LastUpgradeCheck = 1640;
				TargetAttributes = {
					E5C79B0D2E15281900E461C3 = {
						CreatedOnToolsVersion = 16.4;
					};
				};
			};
			buildConfigurationList = E5C79B092E15281900E461C3 /* Build configuration list for PBXProject "Hilingual" */;
			developmentRegion = en;
			hasScannedForEncodings = 0;
			knownRegions = (
				en,
				Base,
			);
			mainGroup = E5C79B052E15281900E461C3;
			minimizedProjectReferenceProxies = 1;
			packageReferences = (
			);
			preferredProjectObjectVersion = 77;
			productRefGroup = E5C79B0F2E15281900E461C3 /* Products */;
			projectDirPath = "";
			projectRoot = "";
			targets = (
				E5C79B0D2E15281900E461C3 /* Hilingual */,
			);
		};
/* End PBXProject section */

/* Begin PBXResourcesBuildPhase section */
		E5C79B0C2E15281900E461C3 /* Resources */ = {
			isa = PBXResourcesBuildPhase;
			buildActionMask = 2147483647;
			files = (
				B0C0F9742EC388AD00A48CCF /* Debug.xcconfig in Resources */,
				E51B4C542E28DC11000B16D0 /* AppIcon.xcassets in Resources */,
				E5C79B322E15282100E461C3 /* LaunchScreen.storyboard in Resources */,
				B0C0F9702EC387A900A48CCF /* Release.xcconfig in Resources */,
			);
			runOnlyForDeploymentPostprocessing = 0;
		};
/* End PBXResourcesBuildPhase section */

/* Begin PBXSourcesBuildPhase section */
		E5C79B0A2E15281900E461C3 /* Sources */ = {
			isa = PBXSourcesBuildPhase;
			buildActionMask = 2147483647;
			files = (
				E51DB2242E1E4407000C2BEA /* AppBaseURLProvider.swift in Sources */,
				E5C84AC92E1538C700CBD669 /* AppDIContainer.swift in Sources */,
				E51DB2052E1D9E8B000C2BEA /* AppConfig.swift in Sources */,
				E5C79B342E15282100E461C3 /* AppDelegate.swift in Sources */,
				E5C79B352E15282100E461C3 /* SceneDelegate.swift in Sources */,
			);
			runOnlyForDeploymentPostprocessing = 0;
		};
/* End PBXSourcesBuildPhase section */

/* Begin PBXVariantGroup section */
		E5C79B2A2E15282100E461C3 /* LaunchScreen.storyboard */ = {
			isa = PBXVariantGroup;
			children = (
				E5C79B292E15282100E461C3 /* Base */,
			);
			name = LaunchScreen.storyboard;
			sourceTree = "<group>";
		};
/* End PBXVariantGroup section */

/* Begin XCBuildConfiguration section */
		E5C79B222E15281B00E461C3 /* Debug */ = {
			isa = XCBuildConfiguration;
			baseConfigurationReference = B0C0F9732EC388AD00A48CCF /* Debug.xcconfig */;
			buildSettings = {
				ASSETCATALOG_COMPILER_APPICON_NAME = "AppIcon$(BUNDLE_ID_SUFFIX)";
				ASSETCATALOG_COMPILER_GLOBAL_ACCENT_COLOR_NAME = AccentColor;
				BUNDLE_ID_SUFFIX = .dev;
				BUNDLE_NAME = "Hilingual-Dev";
				CODE_SIGN_ENTITLEMENTS = Hilingual/Hilingual.entitlements;
				CODE_SIGN_STYLE = Automatic;
				CURRENT_PROJECT_VERSION = 2025091301;
				DEVELOPMENT_TEAM = C9XX799UJH;
				GENERATE_INFOPLIST_FILE = YES;
				INFOPLIST_FILE = Hilingual/Info.plist;
				INFOPLIST_KEY_NSCameraUsageDescription = "Hilingual에서 제공하는 일기 텍스트 스캔기능을 위해 카메라 접근 권한이 필요합니다. 설정에서 이를 변경할 수 있습니다.";
				INFOPLIST_KEY_NSPhotoLibraryUsageDescription = "프로필 사진 첨부, 게시글 사진 첨부, 일기 텍스트 스캔 기능 사용을 위해 사진 라이브러리 접근 권한 동의가 필요합니다. 설정에서 이를 변경할 수 있습니다.";
				INFOPLIST_KEY_UIApplicationSupportsIndirectInputEvents = YES;
				INFOPLIST_KEY_UILaunchStoryboardName = LaunchScreen;
				INFOPLIST_KEY_UISupportedInterfaceOrientations_iPad = "UIInterfaceOrientationPortrait UIInterfaceOrientationPortraitUpsideDown UIInterfaceOrientationLandscapeLeft UIInterfaceOrientationLandscapeRight";
				INFOPLIST_KEY_UISupportedInterfaceOrientations_iPhone = "UIInterfaceOrientationPortrait UIInterfaceOrientationLandscapeLeft UIInterfaceOrientationLandscapeRight";
				INFOPLIST_KEY_UIUserInterfaceStyle = Light;
				IPHONEOS_DEPLOYMENT_TARGET = 17.4;
				LD_RUNPATH_SEARCH_PATHS = (
					"$(inherited)",
					"@executable_path/Frameworks",
				);
				MARKETING_VERSION = 1.0.0;
				PRODUCT_BUNDLE_IDENTIFIER = "com.Hilingual$(BUNDLE_ID_SUFFIX)";
				PRODUCT_NAME = "Hilingual-Dev";
				SUPPORTED_PLATFORMS = "iphoneos iphonesimulator";
				SUPPORTS_MACCATALYST = NO;
				SUPPORTS_XR_DESIGNED_FOR_IPHONE_IPAD = NO;
				SWIFT_EMIT_LOC_STRINGS = YES;
				SWIFT_VERSION = 5.0;
				TARGETED_DEVICE_FAMILY = 1;
			};
			name = Debug;
		};
		E5C79B232E15281B00E461C3 /* Release */ = {
			isa = XCBuildConfiguration;
			baseConfigurationReference = B0C0F96F2EC387A900A48CCF /* Release.xcconfig */;
			buildSettings = {
				ASSETCATALOG_COMPILER_APPICON_NAME = "AppIcon$(BUNDLE_ID_SUFFIX)";
				ASSETCATALOG_COMPILER_GLOBAL_ACCENT_COLOR_NAME = AccentColor;
				BUNDLE_ID_SUFFIX = "";
				BUNDLE_NAME = Hilingual;
				CODE_SIGN_ENTITLEMENTS = Hilingual/Hilingual.entitlements;
				CODE_SIGN_STYLE = Automatic;
				CURRENT_PROJECT_VERSION = 2025091301;
				DEVELOPMENT_TEAM = C9XX799UJH;
				GENERATE_INFOPLIST_FILE = YES;
				INFOPLIST_FILE = Hilingual/Info.plist;
				INFOPLIST_KEY_NSCameraUsageDescription = "Hilingual에서 제공하는 일기 텍스트 스캔기능을 위해 카메라 접근 권한이 필요합니다. 설정에서 이를 변경할 수 있습니다.";
				INFOPLIST_KEY_NSPhotoLibraryUsageDescription = "프로필 사진 첨부, 게시글 사진 첨부, 일기 텍스트 스캔 기능 사용을 위해 사진 라이브러리 접근 권한 동의가 필요합니다. 설정에서 이를 변경할 수 있습니다.";
				INFOPLIST_KEY_UIApplicationSupportsIndirectInputEvents = YES;
				INFOPLIST_KEY_UILaunchStoryboardName = LaunchScreen;
				INFOPLIST_KEY_UISupportedInterfaceOrientations_iPad = "UIInterfaceOrientationPortrait UIInterfaceOrientationPortraitUpsideDown UIInterfaceOrientationLandscapeLeft UIInterfaceOrientationLandscapeRight";
				INFOPLIST_KEY_UISupportedInterfaceOrientations_iPhone = "UIInterfaceOrientationPortrait UIInterfaceOrientationLandscapeLeft UIInterfaceOrientationLandscapeRight";
				INFOPLIST_KEY_UIUserInterfaceStyle = Light;
				IPHONEOS_DEPLOYMENT_TARGET = 17.4;
				LD_RUNPATH_SEARCH_PATHS = (
					"$(inherited)",
					"@executable_path/Frameworks",
				);
				MARKETING_VERSION = 1.0.0;
				PRODUCT_BUNDLE_IDENTIFIER = "com.Hilingual$(BUNDLE_ID_SUFFIX)";
				PRODUCT_NAME = "$(TARGET_NAME)";
				SUPPORTED_PLATFORMS = "iphoneos iphonesimulator";
				SUPPORTS_MACCATALYST = NO;
				SUPPORTS_XR_DESIGNED_FOR_IPHONE_IPAD = NO;
				SWIFT_EMIT_LOC_STRINGS = YES;
				SWIFT_VERSION = 5.0;
				TARGETED_DEVICE_FAMILY = 1;
			};
			name = Release;
		};
		E5C79B242E15281B00E461C3 /* Debug */ = {
			isa = XCBuildConfiguration;
			buildSettings = {
				ALWAYS_SEARCH_USER_PATHS = NO;
				ASSETCATALOG_COMPILER_GENERATE_SWIFT_ASSET_SYMBOL_EXTENSIONS = YES;
				CLANG_ANALYZER_NONNULL = YES;
				CLANG_ANALYZER_NUMBER_OBJECT_CONVERSION = YES_AGGRESSIVE;
				CLANG_CXX_LANGUAGE_STANDARD = "gnu++20";
				CLANG_ENABLE_MODULES = YES;
				CLANG_ENABLE_OBJC_ARC = YES;
				CLANG_ENABLE_OBJC_WEAK = YES;
				CLANG_WARN_BLOCK_CAPTURE_AUTORELEASING = YES;
				CLANG_WARN_BOOL_CONVERSION = YES;
				CLANG_WARN_COMMA = YES;
				CLANG_WARN_CONSTANT_CONVERSION = YES;
				CLANG_WARN_DEPRECATED_OBJC_IMPLEMENTATIONS = YES;
				CLANG_WARN_DIRECT_OBJC_ISA_USAGE = YES_ERROR;
				CLANG_WARN_DOCUMENTATION_COMMENTS = YES;
				CLANG_WARN_EMPTY_BODY = YES;
				CLANG_WARN_ENUM_CONVERSION = YES;
				CLANG_WARN_INFINITE_RECURSION = YES;
				CLANG_WARN_INT_CONVERSION = YES;
				CLANG_WARN_NON_LITERAL_NULL_CONVERSION = YES;
				CLANG_WARN_OBJC_IMPLICIT_RETAIN_SELF = YES;
				CLANG_WARN_OBJC_LITERAL_CONVERSION = YES;
				CLANG_WARN_OBJC_ROOT_CLASS = YES_ERROR;
				CLANG_WARN_QUOTED_INCLUDE_IN_FRAMEWORK_HEADER = YES;
				CLANG_WARN_RANGE_LOOP_ANALYSIS = YES;
				CLANG_WARN_STRICT_PROTOTYPES = YES;
				CLANG_WARN_SUSPICIOUS_MOVE = YES;
				CLANG_WARN_UNGUARDED_AVAILABILITY = YES_AGGRESSIVE;
				CLANG_WARN_UNREACHABLE_CODE = YES;
				CLANG_WARN__DUPLICATE_METHOD_MATCH = YES;
				COPY_PHASE_STRIP = NO;
				DEBUG_INFORMATION_FORMAT = dwarf;
				ENABLE_STRICT_OBJC_MSGSEND = YES;
				ENABLE_TESTABILITY = YES;
				ENABLE_USER_SCRIPT_SANDBOXING = YES;
				GCC_C_LANGUAGE_STANDARD = gnu17;
				GCC_DYNAMIC_NO_PIC = NO;
				GCC_NO_COMMON_BLOCKS = YES;
				GCC_OPTIMIZATION_LEVEL = 0;
				GCC_PREPROCESSOR_DEFINITIONS = (
					"DEBUG=1",
					"$(inherited)",
				);
				GCC_WARN_64_TO_32_BIT_CONVERSION = YES;
				GCC_WARN_ABOUT_RETURN_TYPE = YES_ERROR;
				GCC_WARN_UNDECLARED_SELECTOR = YES;
				GCC_WARN_UNINITIALIZED_AUTOS = YES_AGGRESSIVE;
				GCC_WARN_UNUSED_FUNCTION = YES;
				GCC_WARN_UNUSED_VARIABLE = YES;
				IPHONEOS_DEPLOYMENT_TARGET = 18.5;
				LOCALIZATION_PREFERS_STRING_CATALOGS = YES;
				MTL_ENABLE_DEBUG_INFO = INCLUDE_SOURCE;
				MTL_FAST_MATH = YES;
				ONLY_ACTIVE_ARCH = YES;
				SDKROOT = iphoneos;
				SWIFT_ACTIVE_COMPILATION_CONDITIONS = "DEBUG $(inherited)";
				SWIFT_OPTIMIZATION_LEVEL = "-Onone";
			};
			name = Debug;
		};
		E5C79B252E15281B00E461C3 /* Release */ = {
			isa = XCBuildConfiguration;
			buildSettings = {
				ALWAYS_SEARCH_USER_PATHS = NO;
				ASSETCATALOG_COMPILER_GENERATE_SWIFT_ASSET_SYMBOL_EXTENSIONS = YES;
				CLANG_ANALYZER_NONNULL = YES;
				CLANG_ANALYZER_NUMBER_OBJECT_CONVERSION = YES_AGGRESSIVE;
				CLANG_CXX_LANGUAGE_STANDARD = "gnu++20";
				CLANG_ENABLE_MODULES = YES;
				CLANG_ENABLE_OBJC_ARC = YES;
				CLANG_ENABLE_OBJC_WEAK = YES;
				CLANG_WARN_BLOCK_CAPTURE_AUTORELEASING = YES;
				CLANG_WARN_BOOL_CONVERSION = YES;
				CLANG_WARN_COMMA = YES;
				CLANG_WARN_CONSTANT_CONVERSION = YES;
				CLANG_WARN_DEPRECATED_OBJC_IMPLEMENTATIONS = YES;
				CLANG_WARN_DIRECT_OBJC_ISA_USAGE = YES_ERROR;
				CLANG_WARN_DOCUMENTATION_COMMENTS = YES;
				CLANG_WARN_EMPTY_BODY = YES;
				CLANG_WARN_ENUM_CONVERSION = YES;
				CLANG_WARN_INFINITE_RECURSION = YES;
				CLANG_WARN_INT_CONVERSION = YES;
				CLANG_WARN_NON_LITERAL_NULL_CONVERSION = YES;
				CLANG_WARN_OBJC_IMPLICIT_RETAIN_SELF = YES;
				CLANG_WARN_OBJC_LITERAL_CONVERSION = YES;
				CLANG_WARN_OBJC_ROOT_CLASS = YES_ERROR;
				CLANG_WARN_QUOTED_INCLUDE_IN_FRAMEWORK_HEADER = YES;
				CLANG_WARN_RANGE_LOOP_ANALYSIS = YES;
				CLANG_WARN_STRICT_PROTOTYPES = YES;
				CLANG_WARN_SUSPICIOUS_MOVE = YES;
				CLANG_WARN_UNGUARDED_AVAILABILITY = YES_AGGRESSIVE;
				CLANG_WARN_UNREACHABLE_CODE = YES;
				CLANG_WARN__DUPLICATE_METHOD_MATCH = YES;
				COPY_PHASE_STRIP = NO;
				DEBUG_INFORMATION_FORMAT = "dwarf-with-dsym";
				ENABLE_NS_ASSERTIONS = NO;
				ENABLE_STRICT_OBJC_MSGSEND = YES;
				ENABLE_USER_SCRIPT_SANDBOXING = YES;
				GCC_C_LANGUAGE_STANDARD = gnu17;
				GCC_NO_COMMON_BLOCKS = YES;
				GCC_WARN_64_TO_32_BIT_CONVERSION = YES;
				GCC_WARN_ABOUT_RETURN_TYPE = YES_ERROR;
				GCC_WARN_UNDECLARED_SELECTOR = YES;
				GCC_WARN_UNINITIALIZED_AUTOS = YES_AGGRESSIVE;
				GCC_WARN_UNUSED_FUNCTION = YES;
				GCC_WARN_UNUSED_VARIABLE = YES;
				IPHONEOS_DEPLOYMENT_TARGET = 18.5;
				LOCALIZATION_PREFERS_STRING_CATALOGS = YES;
				MTL_ENABLE_DEBUG_INFO = NO;
				MTL_FAST_MATH = YES;
				SDKROOT = iphoneos;
				SWIFT_COMPILATION_MODE = wholemodule;
				VALIDATE_PRODUCT = YES;
			};
			name = Release;
		};
/* End XCBuildConfiguration section */

/* Begin XCConfigurationList section */
		E5C79B092E15281900E461C3 /* Build configuration list for PBXProject "Hilingual" */ = {
			isa = XCConfigurationList;
			buildConfigurations = (
				E5C79B242E15281B00E461C3 /* Debug */,
				E5C79B252E15281B00E461C3 /* Release */,
			);
			defaultConfigurationIsVisible = 0;
			defaultConfigurationName = Release;
		};
		E5C79B212E15281B00E461C3 /* Build configuration list for PBXNativeTarget "Hilingual" */ = {
			isa = XCConfigurationList;
			buildConfigurations = (
				E5C79B222E15281B00E461C3 /* Debug */,
				E5C79B232E15281B00E461C3 /* Release */,
			);
			defaultConfigurationIsVisible = 0;
			defaultConfigurationName = Release;
		};
/* End XCConfigurationList section */

/* Begin XCSwiftPackageProductDependency section */
		E5C2F3942E170A01003DF6C4 /* HilingualNetwork */ = {
			isa = XCSwiftPackageProductDependency;
			productName = HilingualNetwork;
		};
		E5C2F3982E171575003DF6C4 /* HilingualDomain */ = {
			isa = XCSwiftPackageProductDependency;
			productName = HilingualDomain;
		};
		E5D5D0A82E171AC300DABE8D /* HilingualData */ = {
			isa = XCSwiftPackageProductDependency;
			productName = HilingualData;
		};
		E5D5D0AB2E17289000DABE8D /* HilingualPresentation */ = {
			isa = XCSwiftPackageProductDependency;
			productName = HilingualPresentation;
		};
/* End XCSwiftPackageProductDependency section */
	};
	rootObject = E5C79B062E15281900E461C3 /* Project object */;
}
